
Microsoft Visual Studio Solution File, Format Version 12.00
# Visual Studio 15
VisualStudioVersion = 15.0.26430.16
MinimumVisualStudioVersion = 10.0.40219.1
Project("{2150E333-8FDC-42A3-9474-1A3956D46DE8}") = "src", "src", "{FC602C31-A856-4936-82F8-A1CC9B853499}"
EndProject
Project("{2150E333-8FDC-42A3-9474-1A3956D46DE8}") = "test", "test", "{092C59BA-E86E-4394-B7D4-296E7AE7826D}"
EndProject
Project("{2150E333-8FDC-42A3-9474-1A3956D46DE8}") = "Solution Items", "Solution Items", "{C68D1ECD-C403-437B-984C-5F9D819320E1}"
	ProjectSection(SolutionItems) = preProject
		build.ps1 = build.ps1
		build.sh = build.sh
		GitVersion.yml = GitVersion.yml
		LICENSE = LICENSE
		README.md = README.md
		recipe.cake = recipe.cake
		nuspec\nuget\Cake.SqlPackage.nuspec = nuspec\nuget\Cake.SqlPackage.nuspec
	EndProjectSection
EndProject
Project("{9A19103F-16F7-4668-BE54-9A1E7A4F7556}") = "Cake.SqlPackage", "src\Cake.SqlPackage\Cake.SqlPackage.csproj", "{2FCEED7D-3CDC-4B24-8013-8058AAA0020A}"
EndProject
Project("{9A19103F-16F7-4668-BE54-9A1E7A4F7556}") = "Cake.SqlPackage.UnitTests", "test\Cake.SqlPackage.UnitTests\Cake.SqlPackage.UnitTests.csproj", "{F78FCC29-F187-4E19-A8CC-147E7E858DE1}"
EndProject
Global
	GlobalSection(SolutionConfigurationPlatforms) = preSolution
		Debug|Any CPU = Debug|Any CPU
		Release|Any CPU = Release|Any CPU
	EndGlobalSection
	GlobalSection(ProjectConfigurationPlatforms) = postSolution
		{2FCEED7D-3CDC-4B24-8013-8058AAA0020A}.Debug|Any CPU.ActiveCfg = Debug|Any CPU
		{2FCEED7D-3CDC-4B24-8013-8058AAA0020A}.Debug|Any CPU.Build.0 = Debug|Any CPU
		{2FCEED7D-3CDC-4B24-8013-8058AAA0020A}.Release|Any CPU.ActiveCfg = Release|Any CPU
		{2FCEED7D-3CDC-4B24-8013-8058AAA0020A}.Release|Any CPU.Build.0 = Release|Any CPU
		{F78FCC29-F187-4E19-A8CC-147E7E858DE1}.Debug|Any CPU.ActiveCfg = Debug|Any CPU
		{F78FCC29-F187-4E19-A8CC-147E7E858DE1}.Debug|Any CPU.Build.0 = Debug|Any CPU
		{F78FCC29-F187-4E19-A8CC-147E7E858DE1}.Release|Any CPU.ActiveCfg = Release|Any CPU
		{F78FCC29-F187-4E19-A8CC-147E7E858DE1}.Release|Any CPU.Build.0 = Release|Any CPU
	EndGlobalSection
	GlobalSection(SolutionProperties) = preSolution
		HideSolutionNode = FALSE
	EndGlobalSection
	GlobalSection(NestedProjects) = preSolution
		{2FCEED7D-3CDC-4B24-8013-8058AAA0020A} = {FC602C31-A856-4936-82F8-A1CC9B853499}
		{F78FCC29-F187-4E19-A8CC-147E7E858DE1} = {092C59BA-E86E-4394-B7D4-296E7AE7826D}
	EndGlobalSection
EndGlobal
